// !$*UTF8*$!
{
	archiveVersion = 1;
	classes = {
	};
	objectVersion = 50;
	objects = {

/* Begin PBXBuildFile section */
		302DAD9C21F5FF4A0087985F /* Vector2D.cpp in Sources */ = {isa = PBXBuildFile; fileRef = 302DAD9B21F5FF4A0087985F /* Vector2D.cpp */; };
		302DADA121F61EBE0087985F /* Collision.cpp in Sources */ = {isa = PBXBuildFile; fileRef = 302DAD9F21F61EBE0087985F /* Collision.cpp */; };
		302DADA421F651F30087985F /* ECS.cpp in Sources */ = {isa = PBXBuildFile; fileRef = 302DADA321F651F30087985F /* ECS.cpp */; };
		302DADA821F7A57A0087985F /* AssetManager.cpp in Sources */ = {isa = PBXBuildFile; fileRef = 302DADA621F7A57A0087985F /* AssetManager.cpp */; };
		30AE534D21F492180068D260 /* main.cpp in Sources */ = {isa = PBXBuildFile; fileRef = 30AE534C21F492180068D260 /* main.cpp */; };
		30AE535721F4924C0068D260 /* SDL2_image.framework in Frameworks */ = {isa = PBXBuildFile; fileRef = 30AE535421F4924C0068D260 /* SDL2_image.framework */; };
		30AE535821F4924C0068D260 /* SDL2_ttf.framework in Frameworks */ = {isa = PBXBuildFile; fileRef = 30AE535521F4924C0068D260 /* SDL2_ttf.framework */; };
		30AE535921F4924C0068D260 /* SDL2.framework in Frameworks */ = {isa = PBXBuildFile; fileRef = 30AE535621F4924C0068D260 /* SDL2.framework */; };
		30AE535C21F494400068D260 /* Game.cpp in Sources */ = {isa = PBXBuildFile; fileRef = 30AE535A21F494400068D260 /* Game.cpp */; };
		30AE536521F4ABC40068D260 /* TextureManager.cpp in Sources */ = {isa = PBXBuildFile; fileRef = 30AE536321F4ABC40068D260 /* TextureManager.cpp */; };
		30AE536C21F4C4090068D260 /* Map.cpp in Sources */ = {isa = PBXBuildFile; fileRef = 30AE536A21F4C4090068D260 /* Map.cpp */; };
/* End PBXBuildFile section */

/* Begin PBXCopyFilesBuildPhase section */
		30AE534721F492180068D260 /* CopyFiles */ = {
			isa = PBXCopyFilesBuildPhase;
			buildActionMask = 2147483647;
			dstPath = /usr/share/man/man1/;
			dstSubfolderSpec = 0;
			files = (
			);
			runOnlyForDeploymentPostprocessing = 1;
		};
/* End PBXCopyFilesBuildPhase section */

/* Begin PBXFileReference section */
		302DAD9521F507F90087985F /* Components.h */ = {isa = PBXFileReference; explicitFileType = sourcecode.cpp.h; path = Components.h; sourceTree = "<group>"; };
		302DAD9621F50A350087985F /* ECS.h */ = {isa = PBXFileReference; explicitFileType = sourcecode.cpp.h; path = ECS.h; sourceTree = "<group>"; };
		302DAD9821F5F5200087985F /* SpriteComponent.h */ = {isa = PBXFileReference; lastKnownFileType = sourcecode.c.h; path = SpriteComponent.h; sourceTree = "<group>"; };
		302DAD9921F5F5390087985F /* TransformComponent.h */ = {isa = PBXFileReference; lastKnownFileType = sourcecode.c.h; path = TransformComponent.h; sourceTree = "<group>"; };
		302DAD9A21F5FDE20087985F /* Vector2D.h */ = {isa = PBXFileReference; lastKnownFileType = sourcecode.c.h; path = Vector2D.h; sourceTree = "<group>"; };
		302DAD9B21F5FF4A0087985F /* Vector2D.cpp */ = {isa = PBXFileReference; lastKnownFileType = sourcecode.cpp.cpp; path = Vector2D.cpp; sourceTree = "<group>"; };
		302DAD9D21F605EB0087985F /* KeyboardController.h */ = {isa = PBXFileReference; lastKnownFileType = sourcecode.c.h; path = KeyboardController.h; sourceTree = "<group>"; };
		302DAD9E21F60E980087985F /* ColliderComponent.h */ = {isa = PBXFileReference; lastKnownFileType = sourcecode.c.h; path = ColliderComponent.h; sourceTree = "<group>"; };
		302DAD9F21F61EBE0087985F /* Collision.cpp */ = {isa = PBXFileReference; lastKnownFileType = sourcecode.cpp.cpp; path = Collision.cpp; sourceTree = "<group>"; };
		302DADA021F61EBE0087985F /* Collision.h */ = {isa = PBXFileReference; lastKnownFileType = sourcecode.c.h; path = Collision.h; sourceTree = "<group>"; };
		302DADA221F62C3E0087985F /* TileComponent.h */ = {isa = PBXFileReference; lastKnownFileType = sourcecode.c.h; path = TileComponent.h; sourceTree = "<group>"; };
		302DADA321F651F30087985F /* ECS.cpp */ = {isa = PBXFileReference; lastKnownFileType = sourcecode.cpp.cpp; path = ECS.cpp; sourceTree = "<group>"; };
		302DADA521F73EFC0087985F /* Animation.h */ = {isa = PBXFileReference; lastKnownFileType = sourcecode.c.h; path = Animation.h; sourceTree = "<group>"; };
		302DADA621F7A57A0087985F /* AssetManager.cpp */ = {isa = PBXFileReference; lastKnownFileType = sourcecode.cpp.cpp; path = AssetManager.cpp; sourceTree = "<group>"; };
		302DADA721F7A57A0087985F /* AssetManager.h */ = {isa = PBXFileReference; lastKnownFileType = sourcecode.c.h; path = AssetManager.h; sourceTree = "<group>"; };
		305D2DC421F9AFDF00452F22 /* Liann */ = {isa = PBXFileReference; explicitFileType = "compiled.mach-o.executable"; includeInIndex = 0; name = Liann; path = /Users/fochmaiden/Documents/studia/SGD/Liann/build/Debug/Liann; sourceTree = "<absolute>"; };
		305D2DC521F9F8CB00452F22 /* UILabel.h */ = {isa = PBXFileReference; lastKnownFileType = sourcecode.c.h; path = UILabel.h; sourceTree = "<group>"; };
		30AE534C21F492180068D260 /* main.cpp */ = {isa = PBXFileReference; lastKnownFileType = sourcecode.cpp.cpp; path = main.cpp; sourceTree = "<group>"; };
		30AE535421F4924C0068D260 /* SDL2_image.framework */ = {isa = PBXFileReference; lastKnownFileType = wrapper.framework; name = SDL2_image.framework; path = ../../../../../../Library/Frameworks/SDL2_image.framework; sourceTree = "<group>"; };
		30AE535521F4924C0068D260 /* SDL2_ttf.framework */ = {isa = PBXFileReference; lastKnownFileType = wrapper.framework; name = SDL2_ttf.framework; path = ../../../../../../Library/Frameworks/SDL2_ttf.framework; sourceTree = "<group>"; };
		30AE535621F4924C0068D260 /* SDL2.framework */ = {isa = PBXFileReference; lastKnownFileType = wrapper.framework; name = SDL2.framework; path = ../../../../../../Library/Frameworks/SDL2.framework; sourceTree = "<group>"; };
		30AE535A21F494400068D260 /* Game.cpp */ = {isa = PBXFileReference; lastKnownFileType = sourcecode.cpp.cpp; path = Game.cpp; sourceTree = "<group>"; };
		30AE535B21F494400068D260 /* Game.h */ = {isa = PBXFileReference; lastKnownFileType = sourcecode.c.h; path = Game.h; sourceTree = "<group>"; };
		30AE536321F4ABC40068D260 /* TextureManager.cpp */ = {isa = PBXFileReference; lastKnownFileType = sourcecode.cpp.cpp; path = TextureManager.cpp; sourceTree = "<group>"; };
		30AE536421F4ABC40068D260 /* TextureManager.h */ = {isa = PBXFileReference; lastKnownFileType = sourcecode.c.h; path = TextureManager.h; sourceTree = "<group>"; };
		30AE536A21F4C4090068D260 /* Map.cpp */ = {isa = PBXFileReference; lastKnownFileType = sourcecode.cpp.cpp; path = Map.cpp; sourceTree = "<group>"; };
		30AE536B21F4C4090068D260 /* Map.h */ = {isa = PBXFileReference; lastKnownFileType = sourcecode.c.h; path = Map.h; sourceTree = "<group>"; };
		30E4554221F888AB00151B17 /* ProjectileComponent.h */ = {isa = PBXFileReference; lastKnownFileType = sourcecode.c.h; path = ProjectileComponent.h; sourceTree = "<group>"; };
/* End PBXFileReference section */

/* Begin PBXFrameworksBuildPhase section */
		30AE534621F492180068D260 /* Frameworks */ = {
			isa = PBXFrameworksBuildPhase;
			buildActionMask = 2147483647;
			files = (
				30AE535721F4924C0068D260 /* SDL2_image.framework in Frameworks */,
				30AE535821F4924C0068D260 /* SDL2_ttf.framework in Frameworks */,
				30AE535921F4924C0068D260 /* SDL2.framework in Frameworks */,
			);
			runOnlyForDeploymentPostprocessing = 0;
		};
/* End PBXFrameworksBuildPhase section */

/* Begin PBXGroup section */
		302DAD9721F5F4A00087985F /* ECS */ = {
			isa = PBXGroup;
			children = (
				302DADA521F73EFC0087985F /* Animation.h */,
				302DAD9E21F60E980087985F /* ColliderComponent.h */,
				302DAD9521F507F90087985F /* Components.h */,
				302DADA321F651F30087985F /* ECS.cpp */,
				302DAD9621F50A350087985F /* ECS.h */,
				302DAD9D21F605EB0087985F /* KeyboardController.h */,
				302DAD9821F5F5200087985F /* SpriteComponent.h */,
				302DADA221F62C3E0087985F /* TileComponent.h */,
				302DAD9921F5F5390087985F /* TransformComponent.h */,
				30E4554221F888AB00151B17 /* ProjectileComponent.h */,
				305D2DC521F9F8CB00452F22 /* UILabel.h */,
			);
			path = ECS;
			sourceTree = "<group>";
		};
		30AE534021F492180068D260 = {
			isa = PBXGroup;
			children = (
				30AE534B21F492180068D260 /* Liann */,
				30AE535321F4924C0068D260 /* Frameworks */,
			);
			sourceTree = "<group>";
		};
		30AE534B21F492180068D260 /* Liann */ = {
			isa = PBXGroup;
			children = (
				30AE536921F4AD6F0068D260 /* src */,
				30AE535D21F4A5A70068D260 /* res */,
			);
			path = Liann;
			sourceTree = "<group>";
		};
		30AE535321F4924C0068D260 /* Frameworks */ = {
			isa = PBXGroup;
			children = (
				30AE535421F4924C0068D260 /* SDL2_image.framework */,
				30AE535521F4924C0068D260 /* SDL2_ttf.framework */,
				30AE535621F4924C0068D260 /* SDL2.framework */,
			);
			name = Frameworks;
			sourceTree = "<group>";
		};
		30AE535D21F4A5A70068D260 /* res */ = {
			isa = PBXGroup;
			children = (
			);
			path = res;
			sourceTree = "<group>";
		};
		30AE536921F4AD6F0068D260 /* src */ = {
			isa = PBXGroup;
			children = (
				302DADA621F7A57A0087985F /* AssetManager.cpp */,
				302DADA721F7A57A0087985F /* AssetManager.h */,
				302DAD9F21F61EBE0087985F /* Collision.cpp */,
				302DADA021F61EBE0087985F /* Collision.h */,
				302DAD9721F5F4A00087985F /* ECS */,
				30AE535A21F494400068D260 /* Game.cpp */,
				30AE535B21F494400068D260 /* Game.h */,
				30AE534C21F492180068D260 /* main.cpp */,
				30AE536A21F4C4090068D260 /* Map.cpp */,
				30AE536B21F4C4090068D260 /* Map.h */,
				30AE536321F4ABC40068D260 /* TextureManager.cpp */,
				30AE536421F4ABC40068D260 /* TextureManager.h */,
				302DAD9B21F5FF4A0087985F /* Vector2D.cpp */,
				302DAD9A21F5FDE20087985F /* Vector2D.h */,
			);
			path = src;
			sourceTree = "<group>";
		};
/* End PBXGroup section */

/* Begin PBXNativeTarget section */
		30AE534821F492180068D260 /* Liann */ = {
			isa = PBXNativeTarget;
			buildConfigurationList = 30AE535021F492180068D260 /* Build configuration list for PBXNativeTarget "Liann" */;
			buildPhases = (
				30AE534521F492180068D260 /* Sources */,
				30AE534621F492180068D260 /* Frameworks */,
				30AE534721F492180068D260 /* CopyFiles */,
			);
			buildRules = (
			);
			dependencies = (
			);
			name = Liann;
			productName = Liann;
			productReference = 305D2DC421F9AFDF00452F22 /* Liann */;
			productType = "com.apple.product-type.tool";
		};
/* End PBXNativeTarget section */

/* Begin PBXProject section */
		30AE534121F492180068D260 /* Project object */ = {
			isa = PBXProject;
			attributes = {
				LastUpgradeCheck = 1010;
				ORGANIZATIONNAME = Liann;
				TargetAttributes = {
					30AE534821F492180068D260 = {
						CreatedOnToolsVersion = 10.1;
					};
				};
			};
			buildConfigurationList = 30AE534421F492180068D260 /* Build configuration list for PBXProject "Liann" */;
			compatibilityVersion = "Xcode 9.3";
			developmentRegion = en;
			hasScannedForEncodings = 0;
			knownRegions = (
				en,
			);
			mainGroup = 30AE534021F492180068D260;
			productRefGroup = 30AE534021F492180068D260;
			projectDirPath = "";
			projectRoot = "";
			targets = (
				30AE534821F492180068D260 /* Liann */,
			);
		};
/* End PBXProject section */

/* Begin PBXSourcesBuildPhase section */
		30AE534521F492180068D260 /* Sources */ = {
			isa = PBXSourcesBuildPhase;
			buildActionMask = 2147483647;
			files = (
				302DADA121F61EBE0087985F /* Collision.cpp in Sources */,
				30AE536C21F4C4090068D260 /* Map.cpp in Sources */,
				302DADA421F651F30087985F /* ECS.cpp in Sources */,
				302DAD9C21F5FF4A0087985F /* Vector2D.cpp in Sources */,
				302DADA821F7A57A0087985F /* AssetManager.cpp in Sources */,
				30AE534D21F492180068D260 /* main.cpp in Sources */,
				30AE535C21F494400068D260 /* Game.cpp in Sources */,
				30AE536521F4ABC40068D260 /* TextureManager.cpp in Sources */,
			);
			runOnlyForDeploymentPostprocessing = 0;
		};
/* End PBXSourcesBuildPhase section */

/* Begin XCBuildConfiguration section */
		30AE534E21F492180068D260 /* Debug */ = {
			isa = XCBuildConfiguration;
			buildSettings = {
				ALWAYS_SEARCH_USER_PATHS = NO;
				CLANG_ANALYZER_NONNULL = YES;
				CLANG_ANALYZER_NUMBER_OBJECT_CONVERSION = YES_AGGRESSIVE;
				CLANG_CXX_LANGUAGE_STANDARD = "gnu++14";
				CLANG_CXX_LIBRARY = "libc++";
				CLANG_ENABLE_MODULES = YES;
				CLANG_ENABLE_OBJC_ARC = YES;
				CLANG_ENABLE_OBJC_WEAK = YES;
				CLANG_WARN_BLOCK_CAPTURE_AUTORELEASING = YES;
				CLANG_WARN_BOOL_CONVERSION = YES;
				CLANG_WARN_COMMA = YES;
				CLANG_WARN_CONSTANT_CONVERSION = YES;
				CLANG_WARN_DEPRECATED_OBJC_IMPLEMENTATIONS = YES;
				CLANG_WARN_DIRECT_OBJC_ISA_USAGE = YES_ERROR;
				CLANG_WARN_DOCUMENTATION_COMMENTS = YES;
				CLANG_WARN_EMPTY_BODY = YES;
				CLANG_WARN_ENUM_CONVERSION = YES;
				CLANG_WARN_INFINITE_RECURSION = YES;
				CLANG_WARN_INT_CONVERSION = YES;
				CLANG_WARN_NON_LITERAL_NULL_CONVERSION = YES;
				CLANG_WARN_OBJC_IMPLICIT_RETAIN_SELF = YES;
				CLANG_WARN_OBJC_LITERAL_CONVERSION = YES;
				CLANG_WARN_OBJC_ROOT_CLASS = YES_ERROR;
				CLANG_WARN_RANGE_LOOP_ANALYSIS = YES;
				CLANG_WARN_STRICT_PROTOTYPES = YES;
				CLANG_WARN_SUSPICIOUS_MOVE = YES;
				CLANG_WARN_UNGUARDED_AVAILABILITY = YES_AGGRESSIVE;
				CLANG_WARN_UNREACHABLE_CODE = YES;
				CLANG_WARN__DUPLICATE_METHOD_MATCH = YES;
				CODE_SIGN_IDENTITY = "-";
				COPY_PHASE_STRIP = NO;
				DEBUG_INFORMATION_FORMAT = dwarf;
				ENABLE_STRICT_OBJC_MSGSEND = YES;
				ENABLE_TESTABILITY = YES;
				GCC_C_LANGUAGE_STANDARD = gnu11;
				GCC_DYNAMIC_NO_PIC = NO;
				GCC_NO_COMMON_BLOCKS = YES;
				GCC_OPTIMIZATION_LEVEL = 0;
				GCC_PREPROCESSOR_DEFINITIONS = (
					"DEBUG=1",
					"$(inherited)",
				);
				GCC_WARN_64_TO_32_BIT_CONVERSION = YES;
				GCC_WARN_ABOUT_RETURN_TYPE = YES_ERROR;
				GCC_WARN_UNDECLARED_SELECTOR = YES;
				GCC_WARN_UNINITIALIZED_AUTOS = YES_AGGRESSIVE;
				GCC_WARN_UNUSED_FUNCTION = YES;
				GCC_WARN_UNUSED_VARIABLE = YES;
				MACOSX_DEPLOYMENT_TARGET = 10.14;
				MTL_ENABLE_DEBUG_INFO = INCLUDE_SOURCE;
				MTL_FAST_MATH = YES;
				ONLY_ACTIVE_ARCH = YES;
				SDKROOT = macosx;
			};
			name = Debug;
		};
		30AE534F21F492180068D260 /* Release */ = {
			isa = XCBuildConfiguration;
			buildSettings = {
				ALWAYS_SEARCH_USER_PATHS = NO;
				CLANG_ANALYZER_NONNULL = YES;
				CLANG_ANALYZER_NUMBER_OBJECT_CONVERSION = YES_AGGRESSIVE;
				CLANG_CXX_LANGUAGE_STANDARD = "gnu++14";
				CLANG_CXX_LIBRARY = "libc++";
				CLANG_ENABLE_MODULES = YES;
				CLANG_ENABLE_OBJC_ARC = YES;
				CLANG_ENABLE_OBJC_WEAK = YES;
				CLANG_WARN_BLOCK_CAPTURE_AUTORELEASING = YES;
				CLANG_WARN_BOOL_CONVERSION = YES;
				CLANG_WARN_COMMA = YES;
				CLANG_WARN_CONSTANT_CONVERSION = YES;
				CLANG_WARN_DEPRECATED_OBJC_IMPLEMENTATIONS = YES;
				CLANG_WARN_DIRECT_OBJC_ISA_USAGE = YES_ERROR;
				CLANG_WARN_DOCUMENTATION_COMMENTS = YES;
				CLANG_WARN_EMPTY_BODY = YES;
				CLANG_WARN_ENUM_CONVERSION = YES;
				CLANG_WARN_INFINITE_RECURSION = YES;
				CLANG_WARN_INT_CONVERSION = YES;
				CLANG_WARN_NON_LITERAL_NULL_CONVERSION = YES;
				CLANG_WARN_OBJC_IMPLICIT_RETAIN_SELF = YES;
				CLANG_WARN_OBJC_LITERAL_CONVERSION = YES;
				CLANG_WARN_OBJC_ROOT_CLASS = YES_ERROR;
				CLANG_WARN_RANGE_LOOP_ANALYSIS = YES;
				CLANG_WARN_STRICT_PROTOTYPES = YES;
				CLANG_WARN_SUSPICIOUS_MOVE = YES;
				CLANG_WARN_UNGUARDED_AVAILABILITY = YES_AGGRESSIVE;
				CLANG_WARN_UNREACHABLE_CODE = YES;
				CLANG_WARN__DUPLICATE_METHOD_MATCH = YES;
				CODE_SIGN_IDENTITY = "-";
				COPY_PHASE_STRIP = NO;
				DEBUG_INFORMATION_FORMAT = "dwarf-with-dsym";
				ENABLE_NS_ASSERTIONS = NO;
				ENABLE_STRICT_OBJC_MSGSEND = YES;
				GCC_C_LANGUAGE_STANDARD = gnu11;
				GCC_NO_COMMON_BLOCKS = YES;
				GCC_WARN_64_TO_32_BIT_CONVERSION = YES;
				GCC_WARN_ABOUT_RETURN_TYPE = YES_ERROR;
				GCC_WARN_UNDECLARED_SELECTOR = YES;
				GCC_WARN_UNINITIALIZED_AUTOS = YES_AGGRESSIVE;
				GCC_WARN_UNUSED_FUNCTION = YES;
				GCC_WARN_UNUSED_VARIABLE = YES;
				MACOSX_DEPLOYMENT_TARGET = 10.14;
				MTL_ENABLE_DEBUG_INFO = NO;
				MTL_FAST_MATH = YES;
				SDKROOT = macosx;
			};
			name = Release;
		};
		30AE535121F492180068D260 /* Debug */ = {
			isa = XCBuildConfiguration;
			buildSettings = {
				CODE_SIGN_STYLE = Automatic;
				FRAMEWORK_SEARCH_PATHS = (
					"$(inherited)",
					"$(LOCAL_LIBRARY_DIR)/Frameworks",
				);
				PRODUCT_NAME = "$(TARGET_NAME)";
			};
			name = Debug;
		};
		30AE535221F492180068D260 /* Release */ = {
			isa = XCBuildConfiguration;
			buildSettings = {
				CODE_SIGN_STYLE = Automatic;
				FRAMEWORK_SEARCH_PATHS = (
					"$(inherited)",
					"$(LOCAL_LIBRARY_DIR)/Frameworks",
				);
				PRODUCT_NAME = "$(TARGET_NAME)";
			};
			name = Release;
		};
/* End XCBuildConfiguration section */

/* Begin XCConfigurationList section */
		30AE534421F492180068D260 /* Build configuration list for PBXProject "Liann" */ = {
			isa = XCConfigurationList;
			buildConfigurations = (
				30AE534E21F492180068D260 /* Debug */,
				30AE534F21F492180068D260 /* Release */,
			);
			defaultConfigurationIsVisible = 0;
			defaultConfigurationName = Release;
		};
		30AE535021F492180068D260 /* Build configuration list for PBXNativeTarget "Liann" */ = {
			isa = XCConfigurationList;
			buildConfigurations = (
				30AE535121F492180068D260 /* Debug */,
				30AE535221F492180068D260 /* Release */,
			);
			defaultConfigurationIsVisible = 0;
			defaultConfigurationName = Release;
		};
/* End XCConfigurationList section */
	};
	rootObject = 30AE534121F492180068D260 /* Project object */;
}
